
Microsoft Visual Studio Solution File, Format Version 12.00
# Visual Studio Version 17
VisualStudioVersion = 17.6.33723.286
MinimumVisualStudioVersion = 10.0.40219.1
Project("{FAE04EC0-301F-11D3-BF4B-00C04F79EFBC}") = "HapinessArray", "HapinessArray\HapinessArray.csproj", "{01C9D825-17F5-4D17-AE3E-EB95F2513BB0}"
EndProject
Global
	GlobalSection(SolutionConfigurationPlatforms) = preSolution
		Debug|Any CPU = Debug|Any CPU
		Release|Any CPU = Release|Any CPU
	EndGlobalSection
	GlobalSection(ProjectConfigurationPlatforms) = postSolution
		{01C9D825-17F5-4D17-AE3E-EB95F2513BB0}.Debug|Any CPU.ActiveCfg = Debug|Any CPU
		{01C9D825-17F5-4D17-AE3E-EB95F2513BB0}.Debug|Any CPU.Build.0 = Debug|Any CPU
		{01C9D825-17F5-4D17-AE3E-EB95F2513BB0}.Release|Any CPU.ActiveCfg = Release|Any CPU
		{01C9D825-17F5-4D17-AE3E-EB95F2513BB0}.Release|Any CPU.Build.0 = Release|Any CPU
	EndGlobalSection
	GlobalSection(SolutionProperties) = preSolution
		HideSolutionNode = FALSE
	EndGlobalSection
	GlobalSection(ExtensibilityGlobals) = postSolution
		SolutionGuid = {2C6CD36E-1274-4B5B-8124-45A6D42E9737}
	EndGlobalSection
EndGlobal
